// !$*UTF8*$!
{
	archiveVersion = 1;
	classes = {
	};
	objectVersion = 56;
	objects = {

/* Begin PBXBuildFile section */
		342974472BBECBD400ED37CD /* ChatListRowView.swift in Sources */ = {isa = PBXBuildFile; fileRef = 342974462BBECBD400ED37CD /* ChatListRowView.swift */; };
		342974492BBED07100ED37CD /* MessageItemModel.swift in Sources */ = {isa = PBXBuildFile; fileRef = 342974482BBED07100ED37CD /* MessageItemModel.swift */; };
		3429744B2BBEF36F00ED37CD /* ContactListRowView.swift in Sources */ = {isa = PBXBuildFile; fileRef = 3429744A2BBEF36F00ED37CD /* ContactListRowView.swift */; };
		3429744D2BBEFAFD00ED37CD /* ContactItemModel.swift in Sources */ = {isa = PBXBuildFile; fileRef = 3429744C2BBEFAFD00ED37CD /* ContactItemModel.swift */; };
		3429744F2BBF4ACB00ED37CD /* AddContactView.swift in Sources */ = {isa = PBXBuildFile; fileRef = 3429744E2BBF4ACB00ED37CD /* AddContactView.swift */; };
		342974512BC01D5B00ED37CD /* HomeView.swift in Sources */ = {isa = PBXBuildFile; fileRef = 342974502BC01D5B00ED37CD /* HomeView.swift */; };
		34E382F82BBC3D150055F471 /* MessengerAppApp.swift in Sources */ = {isa = PBXBuildFile; fileRef = 34E382F72BBC3D150055F471 /* MessengerAppApp.swift */; };
		34E382FC2BBC3D180055F471 /* Assets.xcassets in Resources */ = {isa = PBXBuildFile; fileRef = 34E382FB2BBC3D180055F471 /* Assets.xcassets */; };
		34E382FF2BBC3D180055F471 /* Preview Assets.xcassets in Resources */ = {isa = PBXBuildFile; fileRef = 34E382FE2BBC3D180055F471 /* Preview Assets.xcassets */; };
		34E3830B2BBE9BC90055F471 /* SignInView.swift in Sources */ = {isa = PBXBuildFile; fileRef = 34E3830A2BBE9BC90055F471 /* SignInView.swift */; };
		34E3830D2BBE9BD70055F471 /* SignUpView.swift in Sources */ = {isa = PBXBuildFile; fileRef = 34E3830C2BBE9BD70055F471 /* SignUpView.swift */; };
		34E3830F2BBE9BF30055F471 /* ChatListView.swift in Sources */ = {isa = PBXBuildFile; fileRef = 34E3830E2BBE9BF30055F471 /* ChatListView.swift */; };
		34E383112BBE9C0A0055F471 /* ChatWindowView.swift in Sources */ = {isa = PBXBuildFile; fileRef = 34E383102BBE9C0A0055F471 /* ChatWindowView.swift */; };
		34E383132BBE9C210055F471 /* ContactListView.swift in Sources */ = {isa = PBXBuildFile; fileRef = 34E383122BBE9C210055F471 /* ContactListView.swift */; };
		34E383152BBE9C330055F471 /* ProfileView.swift in Sources */ = {isa = PBXBuildFile; fileRef = 34E383142BBE9C330055F471 /* ProfileView.swift */; };
		34E383172BBE9C760055F471 /* User.swift in Sources */ = {isa = PBXBuildFile; fileRef = 34E383162BBE9C760055F471 /* User.swift */; };
		34E383192BBE9CB70055F471 /* ProfileViewModel.swift in Sources */ = {isa = PBXBuildFile; fileRef = 34E383182BBE9CB70055F471 /* ProfileViewModel.swift */; };
		34E3831B2BBE9CC90055F471 /* ContactListViewModel.swift in Sources */ = {isa = PBXBuildFile; fileRef = 34E3831A2BBE9CC90055F471 /* ContactListViewModel.swift */; };
		34E3831D2BBE9CDD0055F471 /* ChatWindowViewModel.swift in Sources */ = {isa = PBXBuildFile; fileRef = 34E3831C2BBE9CDD0055F471 /* ChatWindowViewModel.swift */; };
		34E3831F2BBE9CF50055F471 /* ChatListViewModel.swift in Sources */ = {isa = PBXBuildFile; fileRef = 34E3831E2BBE9CF50055F471 /* ChatListViewModel.swift */; };
		34E383232BBE9D250055F471 /* AuthViewModel.swift in Sources */ = {isa = PBXBuildFile; fileRef = 34E383222BBE9D250055F471 /* AuthViewModel.swift */; };
		7C0839842BC2ABFC0011B4AB /* ColorExtention.swift in Sources */ = {isa = PBXBuildFile; fileRef = 7C0839832BC2ABFC0011B4AB /* ColorExtention.swift */; };
		7C0839862BC356FD0011B4AB /* GoogleService-Info.plist in Resources */ = {isa = PBXBuildFile; fileRef = 7C0839852BC356FD0011B4AB /* GoogleService-Info.plist */; };
		7C0839892BC359070011B4AB /* FirebaseAuth in Frameworks */ = {isa = PBXBuildFile; productRef = 7C0839882BC359070011B4AB /* FirebaseAuth */; };
		7C08398B2BC359070011B4AB /* FirebaseFirestore in Frameworks */ = {isa = PBXBuildFile; productRef = 7C08398A2BC359070011B4AB /* FirebaseFirestore */; };
		7C08398D2BC359070011B4AB /* FirebaseStorage in Frameworks */ = {isa = PBXBuildFile; productRef = 7C08398C2BC359070011B4AB /* FirebaseStorage */; };
		7C08398F2BC35DF00011B4AB /* StringExtention.swift in Sources */ = {isa = PBXBuildFile; fileRef = 7C08398E2BC35DF00011B4AB /* StringExtention.swift */; };
		7C0839912BC3E4840011B4AB /* AuthView.swift in Sources */ = {isa = PBXBuildFile; fileRef = 7C0839902BC3E4840011B4AB /* AuthView.swift */; };
/* End PBXBuildFile section */

/* Begin PBXFileReference section */
		342974462BBECBD400ED37CD /* ChatListRowView.swift */ = {isa = PBXFileReference; lastKnownFileType = sourcecode.swift; path = ChatListRowView.swift; sourceTree = "<group>"; };
		342974482BBED07100ED37CD /* MessageItemModel.swift */ = {isa = PBXFileReference; lastKnownFileType = sourcecode.swift; path = MessageItemModel.swift; sourceTree = "<group>"; };
		3429744A2BBEF36F00ED37CD /* ContactListRowView.swift */ = {isa = PBXFileReference; lastKnownFileType = sourcecode.swift; path = ContactListRowView.swift; sourceTree = "<group>"; };
		3429744C2BBEFAFD00ED37CD /* ContactItemModel.swift */ = {isa = PBXFileReference; lastKnownFileType = sourcecode.swift; path = ContactItemModel.swift; sourceTree = "<group>"; };
		3429744E2BBF4ACB00ED37CD /* AddContactView.swift */ = {isa = PBXFileReference; lastKnownFileType = sourcecode.swift; path = AddContactView.swift; sourceTree = "<group>"; };
		342974502BC01D5B00ED37CD /* HomeView.swift */ = {isa = PBXFileReference; lastKnownFileType = sourcecode.swift; path = HomeView.swift; sourceTree = "<group>"; };
		34E382F42BBC3D150055F471 /* MessengerApp.app */ = {isa = PBXFileReference; explicitFileType = wrapper.application; includeInIndex = 0; path = MessengerApp.app; sourceTree = BUILT_PRODUCTS_DIR; };
		34E382F72BBC3D150055F471 /* MessengerAppApp.swift */ = {isa = PBXFileReference; lastKnownFileType = sourcecode.swift; path = MessengerAppApp.swift; sourceTree = "<group>"; };
		34E382FB2BBC3D180055F471 /* Assets.xcassets */ = {isa = PBXFileReference; lastKnownFileType = folder.assetcatalog; path = Assets.xcassets; sourceTree = "<group>"; };
		34E382FE2BBC3D180055F471 /* Preview Assets.xcassets */ = {isa = PBXFileReference; lastKnownFileType = folder.assetcatalog; path = "Preview Assets.xcassets"; sourceTree = "<group>"; };
		34E3830A2BBE9BC90055F471 /* SignInView.swift */ = {isa = PBXFileReference; lastKnownFileType = sourcecode.swift; path = SignInView.swift; sourceTree = "<group>"; };
		34E3830C2BBE9BD70055F471 /* SignUpView.swift */ = {isa = PBXFileReference; lastKnownFileType = sourcecode.swift; path = SignUpView.swift; sourceTree = "<group>"; };
		34E3830E2BBE9BF30055F471 /* ChatListView.swift */ = {isa = PBXFileReference; lastKnownFileType = sourcecode.swift; path = ChatListView.swift; sourceTree = "<group>"; };
		34E383102BBE9C0A0055F471 /* ChatWindowView.swift */ = {isa = PBXFileReference; lastKnownFileType = sourcecode.swift; path = ChatWindowView.swift; sourceTree = "<group>"; };
		34E383122BBE9C210055F471 /* ContactListView.swift */ = {isa = PBXFileReference; lastKnownFileType = sourcecode.swift; path = ContactListView.swift; sourceTree = "<group>"; };
		34E383142BBE9C330055F471 /* ProfileView.swift */ = {isa = PBXFileReference; lastKnownFileType = sourcecode.swift; path = ProfileView.swift; sourceTree = "<group>"; };
		34E383162BBE9C760055F471 /* User.swift */ = {isa = PBXFileReference; lastKnownFileType = sourcecode.swift; path = User.swift; sourceTree = "<group>"; };
		34E383182BBE9CB70055F471 /* ProfileViewModel.swift */ = {isa = PBXFileReference; lastKnownFileType = sourcecode.swift; path = ProfileViewModel.swift; sourceTree = "<group>"; };
		34E3831A2BBE9CC90055F471 /* ContactListViewModel.swift */ = {isa = PBXFileReference; lastKnownFileType = sourcecode.swift; path = ContactListViewModel.swift; sourceTree = "<group>"; };
		34E3831C2BBE9CDD0055F471 /* ChatWindowViewModel.swift */ = {isa = PBXFileReference; lastKnownFileType = sourcecode.swift; path = ChatWindowViewModel.swift; sourceTree = "<group>"; };
		34E3831E2BBE9CF50055F471 /* ChatListViewModel.swift */ = {isa = PBXFileReference; lastKnownFileType = sourcecode.swift; path = ChatListViewModel.swift; sourceTree = "<group>"; };
		34E383222BBE9D250055F471 /* AuthViewModel.swift */ = {isa = PBXFileReference; lastKnownFileType = sourcecode.swift; path = AuthViewModel.swift; sourceTree = "<group>"; };
		7C0839832BC2ABFC0011B4AB /* ColorExtention.swift */ = {isa = PBXFileReference; lastKnownFileType = sourcecode.swift; path = ColorExtention.swift; sourceTree = "<group>"; };
		7C0839852BC356FD0011B4AB /* GoogleService-Info.plist */ = {isa = PBXFileReference; fileEncoding = 4; lastKnownFileType = text.plist.xml; path = "GoogleService-Info.plist"; sourceTree = "<group>"; };
		7C08398E2BC35DF00011B4AB /* StringExtention.swift */ = {isa = PBXFileReference; lastKnownFileType = sourcecode.swift; path = StringExtention.swift; sourceTree = "<group>"; };
		7C0839902BC3E4840011B4AB /* AuthView.swift */ = {isa = PBXFileReference; lastKnownFileType = sourcecode.swift; path = AuthView.swift; sourceTree = "<group>"; };
/* End PBXFileReference section */

/* Begin PBXFrameworksBuildPhase section */
		34E382F12BBC3D150055F471 /* Frameworks */ = {
			isa = PBXFrameworksBuildPhase;
			buildActionMask = 2147483647;
			files = (
				7C0839892BC359070011B4AB /* FirebaseAuth in Frameworks */,
				7C08398B2BC359070011B4AB /* FirebaseFirestore in Frameworks */,
				7C08398D2BC359070011B4AB /* FirebaseStorage in Frameworks */,
			);
			runOnlyForDeploymentPostprocessing = 0;
		};
/* End PBXFrameworksBuildPhase section */

/* Begin PBXGroup section */
		34E382EB2BBC3D150055F471 = {
			isa = PBXGroup;
			children = (
				34E382F62BBC3D150055F471 /* MessengerApp */,
				34E382F52BBC3D150055F471 /* Products */,
			);
			sourceTree = "<group>";
		};
		34E382F52BBC3D150055F471 /* Products */ = {
			isa = PBXGroup;
			children = (
				34E382F42BBC3D150055F471 /* MessengerApp.app */,
			);
			name = Products;
			sourceTree = "<group>";
		};
		34E382F62BBC3D150055F471 /* MessengerApp */ = {
			isa = PBXGroup;
			children = (
				34E382F72BBC3D150055F471 /* MessengerAppApp.swift */,
				34E383082BBD41950055F471 /* Models */,
				34E383092BBD41A90055F471 /* ViewModels */,
				34E383072BBD3C4A0055F471 /* Views */,
				7C0839822BC2ABA00011B4AB /* Extentions */,
				34E382FB2BBC3D180055F471 /* Assets.xcassets */,
				7C0839852BC356FD0011B4AB /* GoogleService-Info.plist */,
				34E382FD2BBC3D180055F471 /* Preview Content */,
			);
			path = MessengerApp;
			sourceTree = "<group>";
		};
		34E382FD2BBC3D180055F471 /* Preview Content */ = {
			isa = PBXGroup;
			children = (
				34E382FE2BBC3D180055F471 /* Preview Assets.xcassets */,
			);
			path = "Preview Content";
			sourceTree = "<group>";
		};
		34E383072BBD3C4A0055F471 /* Views */ = {
			isa = PBXGroup;
			children = (
				342974502BC01D5B00ED37CD /* HomeView.swift */,
				7C0839922BC3E5EB0011B4AB /* AuthenticationView */,
				34E3830E2BBE9BF30055F471 /* ChatListView.swift */,
				342974462BBECBD400ED37CD /* ChatListRowView.swift */,
				34E383102BBE9C0A0055F471 /* ChatWindowView.swift */,
				34E383122BBE9C210055F471 /* ContactListView.swift */,
				3429744A2BBEF36F00ED37CD /* ContactListRowView.swift */,
				34E383142BBE9C330055F471 /* ProfileView.swift */,
				3429744E2BBF4ACB00ED37CD /* AddContactView.swift */,
			);
			path = Views;
			sourceTree = "<group>";
		};
		34E383082BBD41950055F471 /* Models */ = {
			isa = PBXGroup;
			children = (
				34E383162BBE9C760055F471 /* User.swift */,
				342974482BBED07100ED37CD /* MessageItemModel.swift */,
				3429744C2BBEFAFD00ED37CD /* ContactItemModel.swift */,
			);
			path = Models;
			sourceTree = "<group>";
		};
		34E383092BBD41A90055F471 /* ViewModels */ = {
			isa = PBXGroup;
			children = (
				34E383182BBE9CB70055F471 /* ProfileViewModel.swift */,
				34E3831E2BBE9CF50055F471 /* ChatListViewModel.swift */,
				34E3831A2BBE9CC90055F471 /* ContactListViewModel.swift */,
				34E3831C2BBE9CDD0055F471 /* ChatWindowViewModel.swift */,
				34E383222BBE9D250055F471 /* AuthViewModel.swift */,
			);
			path = ViewModels;
			sourceTree = "<group>";
		};
		7C0839822BC2ABA00011B4AB /* Extentions */ = {
			isa = PBXGroup;
			children = (
				7C0839832BC2ABFC0011B4AB /* ColorExtention.swift */,
				7C08398E2BC35DF00011B4AB /* StringExtention.swift */,
			);
			path = Extentions;
			sourceTree = "<group>";
		};
		7C0839922BC3E5EB0011B4AB /* AuthenticationView */ = {
			isa = PBXGroup;
			children = (
				7C0839902BC3E4840011B4AB /* AuthView.swift */,
				34E3830A2BBE9BC90055F471 /* SignInView.swift */,
				34E3830C2BBE9BD70055F471 /* SignUpView.swift */,
			);
			path = AuthenticationView;
			sourceTree = "<group>";
		};
/* End PBXGroup section */

/* Begin PBXNativeTarget section */
		34E382F32BBC3D150055F471 /* MessengerApp */ = {
			isa = PBXNativeTarget;
			buildConfigurationList = 34E383022BBC3D180055F471 /* Build configuration list for PBXNativeTarget "MessengerApp" */;
			buildPhases = (
				34E382F02BBC3D150055F471 /* Sources */,
				34E382F12BBC3D150055F471 /* Frameworks */,
				34E382F22BBC3D150055F471 /* Resources */,
			);
			buildRules = (
			);
			dependencies = (
			);
			name = MessengerApp;
			packageProductDependencies = (
				7C0839882BC359070011B4AB /* FirebaseAuth */,
				7C08398A2BC359070011B4AB /* FirebaseFirestore */,
				7C08398C2BC359070011B4AB /* FirebaseStorage */,
			);
			productName = MessengerApp;
			productReference = 34E382F42BBC3D150055F471 /* MessengerApp.app */;
			productType = "com.apple.product-type.application";
		};
/* End PBXNativeTarget section */

/* Begin PBXProject section */
		34E382EC2BBC3D150055F471 /* Project object */ = {
			isa = PBXProject;
			attributes = {
				BuildIndependentTargetsInParallel = 1;
				LastSwiftUpdateCheck = 1520;
				LastUpgradeCheck = 1520;
				TargetAttributes = {
					34E382F32BBC3D150055F471 = {
						CreatedOnToolsVersion = 15.2;
					};
				};
			};
			buildConfigurationList = 34E382EF2BBC3D150055F471 /* Build configuration list for PBXProject "MessengerApp" */;
			compatibilityVersion = "Xcode 14.0";
			developmentRegion = en;
			hasScannedForEncodings = 0;
			knownRegions = (
				en,
				Base,
			);
			mainGroup = 34E382EB2BBC3D150055F471;
			packageReferences = (
				7C0839872BC359060011B4AB /* XCRemoteSwiftPackageReference "firebase-ios-sdk" */,
			);
			productRefGroup = 34E382F52BBC3D150055F471 /* Products */;
			projectDirPath = "";
			projectRoot = "";
			targets = (
				34E382F32BBC3D150055F471 /* MessengerApp */,
			);
		};
/* End PBXProject section */

/* Begin PBXResourcesBuildPhase section */
		34E382F22BBC3D150055F471 /* Resources */ = {
			isa = PBXResourcesBuildPhase;
			buildActionMask = 2147483647;
			files = (
				34E382FF2BBC3D180055F471 /* Preview Assets.xcassets in Resources */,
				34E382FC2BBC3D180055F471 /* Assets.xcassets in Resources */,
				7C0839862BC356FD0011B4AB /* GoogleService-Info.plist in Resources */,
			);
			runOnlyForDeploymentPostprocessing = 0;
		};
/* End PBXResourcesBuildPhase section */

/* Begin PBXSourcesBuildPhase section */
		34E382F02BBC3D150055F471 /* Sources */ = {
			isa = PBXSourcesBuildPhase;
			buildActionMask = 2147483647;
			files = (
				3429744B2BBEF36F00ED37CD /* ContactListRowView.swift in Sources */,
				342974492BBED07100ED37CD /* MessageItemModel.swift in Sources */,
				34E383152BBE9C330055F471 /* ProfileView.swift in Sources */,
				34E3830D2BBE9BD70055F471 /* SignUpView.swift in Sources */,
				34E383132BBE9C210055F471 /* ContactListView.swift in Sources */,
				3429744D2BBEFAFD00ED37CD /* ContactItemModel.swift in Sources */,
				7C0839842BC2ABFC0011B4AB /* ColorExtention.swift in Sources */,
				34E3830F2BBE9BF30055F471 /* ChatListView.swift in Sources */,
				34E3830B2BBE9BC90055F471 /* SignInView.swift in Sources */,
				34E383172BBE9C760055F471 /* User.swift in Sources */,
				7C08398F2BC35DF00011B4AB /* StringExtention.swift in Sources */,
				34E383232BBE9D250055F471 /* AuthViewModel.swift in Sources */,
				34E3831B2BBE9CC90055F471 /* ContactListViewModel.swift in Sources */,
				34E383192BBE9CB70055F471 /* ProfileViewModel.swift in Sources */,
				342974512BC01D5B00ED37CD /* HomeView.swift in Sources */,
				3429744F2BBF4ACB00ED37CD /* AddContactView.swift in Sources */,
				34E383112BBE9C0A0055F471 /* ChatWindowView.swift in Sources */,
				34E382F82BBC3D150055F471 /* MessengerAppApp.swift in Sources */,
				34E3831D2BBE9CDD0055F471 /* ChatWindowViewModel.swift in Sources */,
				34E3831F2BBE9CF50055F471 /* ChatListViewModel.swift in Sources */,
				7C0839912BC3E4840011B4AB /* AuthView.swift in Sources */,
				342974472BBECBD400ED37CD /* ChatListRowView.swift in Sources */,
			);
			runOnlyForDeploymentPostprocessing = 0;
		};
/* End PBXSourcesBuildPhase section */

/* Begin XCBuildConfiguration section */
		34E383002BBC3D180055F471 /* Debug */ = {
			isa = XCBuildConfiguration;
			buildSettings = {
				ALWAYS_SEARCH_USER_PATHS = NO;
				ASSETCATALOG_COMPILER_GENERATE_SWIFT_ASSET_SYMBOL_EXTENSIONS = YES;
				CLANG_ANALYZER_NONNULL = YES;
				CLANG_ANALYZER_NUMBER_OBJECT_CONVERSION = YES_AGGRESSIVE;
				CLANG_CXX_LANGUAGE_STANDARD = "gnu++20";
				CLANG_ENABLE_MODULES = YES;
				CLANG_ENABLE_OBJC_ARC = YES;
				CLANG_ENABLE_OBJC_WEAK = YES;
				CLANG_WARN_BLOCK_CAPTURE_AUTORELEASING = YES;
				CLANG_WARN_BOOL_CONVERSION = YES;
				CLANG_WARN_COMMA = YES;
				CLANG_WARN_CONSTANT_CONVERSION = YES;
				CLANG_WARN_DEPRECATED_OBJC_IMPLEMENTATIONS = YES;
				CLANG_WARN_DIRECT_OBJC_ISA_USAGE = YES_ERROR;
				CLANG_WARN_DOCUMENTATION_COMMENTS = YES;
				CLANG_WARN_EMPTY_BODY = YES;
				CLANG_WARN_ENUM_CONVERSION = YES;
				CLANG_WARN_INFINITE_RECURSION = YES;
				CLANG_WARN_INT_CONVERSION = YES;
				CLANG_WARN_NON_LITERAL_NULL_CONVERSION = YES;
				CLANG_WARN_OBJC_IMPLICIT_RETAIN_SELF = YES;
				CLANG_WARN_OBJC_LITERAL_CONVERSION = YES;
				CLANG_WARN_OBJC_ROOT_CLASS = YES_ERROR;
				CLANG_WARN_QUOTED_INCLUDE_IN_FRAMEWORK_HEADER = YES;
				CLANG_WARN_RANGE_LOOP_ANALYSIS = YES;
				CLANG_WARN_STRICT_PROTOTYPES = YES;
				CLANG_WARN_SUSPICIOUS_MOVE = YES;
				CLANG_WARN_UNGUARDED_AVAILABILITY = YES_AGGRESSIVE;
				CLANG_WARN_UNREACHABLE_CODE = YES;
				CLANG_WARN__DUPLICATE_METHOD_MATCH = YES;
				COPY_PHASE_STRIP = NO;
				DEBUG_INFORMATION_FORMAT = dwarf;
				ENABLE_STRICT_OBJC_MSGSEND = YES;
				ENABLE_TESTABILITY = YES;
				ENABLE_USER_SCRIPT_SANDBOXING = YES;
				GCC_C_LANGUAGE_STANDARD = gnu17;
				GCC_DYNAMIC_NO_PIC = NO;
				GCC_NO_COMMON_BLOCKS = YES;
				GCC_OPTIMIZATION_LEVEL = 0;
				GCC_PREPROCESSOR_DEFINITIONS = (
					"DEBUG=1",
					"$(inherited)",
				);
				GCC_WARN_64_TO_32_BIT_CONVERSION = YES;
				GCC_WARN_ABOUT_RETURN_TYPE = YES_ERROR;
				GCC_WARN_UNDECLARED_SELECTOR = YES;
				GCC_WARN_UNINITIALIZED_AUTOS = YES_AGGRESSIVE;
				GCC_WARN_UNUSED_FUNCTION = YES;
				GCC_WARN_UNUSED_VARIABLE = YES;
				IPHONEOS_DEPLOYMENT_TARGET = 17.2;
				LOCALIZATION_PREFERS_STRING_CATALOGS = YES;
				MTL_ENABLE_DEBUG_INFO = INCLUDE_SOURCE;
				MTL_FAST_MATH = YES;
				ONLY_ACTIVE_ARCH = YES;
				SDKROOT = iphoneos;
				SWIFT_ACTIVE_COMPILATION_CONDITIONS = "DEBUG $(inherited)";
				SWIFT_OPTIMIZATION_LEVEL = "-Onone";
			};
			name = Debug;
		};
		34E383012BBC3D180055F471 /* Release */ = {
			isa = XCBuildConfiguration;
			buildSettings = {
				ALWAYS_SEARCH_USER_PATHS = NO;
				ASSETCATALOG_COMPILER_GENERATE_SWIFT_ASSET_SYMBOL_EXTENSIONS = YES;
				CLANG_ANALYZER_NONNULL = YES;
				CLANG_ANALYZER_NUMBER_OBJECT_CONVERSION = YES_AGGRESSIVE;
				CLANG_CXX_LANGUAGE_STANDARD = "gnu++20";
				CLANG_ENABLE_MODULES = YES;
				CLANG_ENABLE_OBJC_ARC = YES;
				CLANG_ENABLE_OBJC_WEAK = YES;
				CLANG_WARN_BLOCK_CAPTURE_AUTORELEASING = YES;
				CLANG_WARN_BOOL_CONVERSION = YES;
				CLANG_WARN_COMMA = YES;
				CLANG_WARN_CONSTANT_CONVERSION = YES;
				CLANG_WARN_DEPRECATED_OBJC_IMPLEMENTATIONS = YES;
				CLANG_WARN_DIRECT_OBJC_ISA_USAGE = YES_ERROR;
				CLANG_WARN_DOCUMENTATION_COMMENTS = YES;
				CLANG_WARN_EMPTY_BODY = YES;
				CLANG_WARN_ENUM_CONVERSION = YES;
				CLANG_WARN_INFINITE_RECURSION = YES;
				CLANG_WARN_INT_CONVERSION = YES;
				CLANG_WARN_NON_LITERAL_NULL_CONVERSION = YES;
				CLANG_WARN_OBJC_IMPLICIT_RETAIN_SELF = YES;
				CLANG_WARN_OBJC_LITERAL_CONVERSION = YES;
				CLANG_WARN_OBJC_ROOT_CLASS = YES_ERROR;
				CLANG_WARN_QUOTED_INCLUDE_IN_FRAMEWORK_HEADER = YES;
				CLANG_WARN_RANGE_LOOP_ANALYSIS = YES;
				CLANG_WARN_STRICT_PROTOTYPES = YES;
				CLANG_WARN_SUSPICIOUS_MOVE = YES;
				CLANG_WARN_UNGUARDED_AVAILABILITY = YES_AGGRESSIVE;
				CLANG_WARN_UNREACHABLE_CODE = YES;
				CLANG_WARN__DUPLICATE_METHOD_MATCH = YES;
				COPY_PHASE_STRIP = NO;
				DEBUG_INFORMATION_FORMAT = "dwarf-with-dsym";
				ENABLE_NS_ASSERTIONS = NO;
				ENABLE_STRICT_OBJC_MSGSEND = YES;
				ENABLE_USER_SCRIPT_SANDBOXING = YES;
				GCC_C_LANGUAGE_STANDARD = gnu17;
				GCC_NO_COMMON_BLOCKS = YES;
				GCC_WARN_64_TO_32_BIT_CONVERSION = YES;
				GCC_WARN_ABOUT_RETURN_TYPE = YES_ERROR;
				GCC_WARN_UNDECLARED_SELECTOR = YES;
				GCC_WARN_UNINITIALIZED_AUTOS = YES_AGGRESSIVE;
				GCC_WARN_UNUSED_FUNCTION = YES;
				GCC_WARN_UNUSED_VARIABLE = YES;
				IPHONEOS_DEPLOYMENT_TARGET = 17.2;
				LOCALIZATION_PREFERS_STRING_CATALOGS = YES;
				MTL_ENABLE_DEBUG_INFO = NO;
				MTL_FAST_MATH = YES;
				SDKROOT = iphoneos;
				SWIFT_COMPILATION_MODE = wholemodule;
				VALIDATE_PRODUCT = YES;
			};
			name = Release;
		};
		34E383032BBC3D180055F471 /* Debug */ = {
			isa = XCBuildConfiguration;
			buildSettings = {
				ASSETCATALOG_COMPILER_APPICON_NAME = AppIcon;
				ASSETCATALOG_COMPILER_GLOBAL_ACCENT_COLOR_NAME = AccentColor;
				CODE_SIGN_STYLE = Automatic;
				CURRENT_PROJECT_VERSION = 1;
				DEVELOPMENT_ASSET_PATHS = "\"MessengerApp/Preview Content\"";
				ENABLE_PREVIEWS = YES;
				GENERATE_INFOPLIST_FILE = YES;
				INFOPLIST_KEY_UIApplicationSceneManifest_Generation = YES;
				INFOPLIST_KEY_UIApplicationSupportsIndirectInputEvents = YES;
				INFOPLIST_KEY_UILaunchScreen_Generation = YES;
				INFOPLIST_KEY_UISupportedInterfaceOrientations_iPad = "UIInterfaceOrientationPortrait UIInterfaceOrientationPortraitUpsideDown UIInterfaceOrientationLandscapeLeft UIInterfaceOrientationLandscapeRight";
				INFOPLIST_KEY_UISupportedInterfaceOrientations_iPhone = "UIInterfaceOrientationPortrait UIInterfaceOrientationLandscapeLeft UIInterfaceOrientationLandscapeRight";
				LD_RUNPATH_SEARCH_PATHS = (
					"$(inherited)",
					"@executable_path/Frameworks",
				);
				MARKETING_VERSION = 1.0;
				PRODUCT_BUNDLE_IDENTIFIER = juhee.MessengerApp;
				PRODUCT_NAME = "$(TARGET_NAME)";
				SWIFT_EMIT_LOC_STRINGS = YES;
				SWIFT_VERSION = 5.0;
				TARGETED_DEVICE_FAMILY = "1,2";
			};
			name = Debug;
		};
		34E383042BBC3D180055F471 /* Release */ = {
			isa = XCBuildConfiguration;
			buildSettings = {
				ASSETCATALOG_COMPILER_APPICON_NAME = AppIcon;
				ASSETCATALOG_COMPILER_GLOBAL_ACCENT_COLOR_NAME = AccentColor;
				CODE_SIGN_STYLE = Automatic;
				CURRENT_PROJECT_VERSION = 1;
				DEVELOPMENT_ASSET_PATHS = "\"MessengerApp/Preview Content\"";
				ENABLE_PREVIEWS = YES;
				GENERATE_INFOPLIST_FILE = YES;
				INFOPLIST_KEY_UIApplicationSceneManifest_Generation = YES;
				INFOPLIST_KEY_UIApplicationSupportsIndirectInputEvents = YES;
				INFOPLIST_KEY_UILaunchScreen_Generation = YES;
				INFOPLIST_KEY_UISupportedInterfaceOrientations_iPad = "UIInterfaceOrientationPortrait UIInterfaceOrientationPortraitUpsideDown UIInterfaceOrientationLandscapeLeft UIInterfaceOrientationLandscapeRight";
				INFOPLIST_KEY_UISupportedInterfaceOrientations_iPhone = "UIInterfaceOrientationPortrait UIInterfaceOrientationLandscapeLeft UIInterfaceOrientationLandscapeRight";
				LD_RUNPATH_SEARCH_PATHS = (
					"$(inherited)",
					"@executable_path/Frameworks",
				);
				MARKETING_VERSION = 1.0;
				PRODUCT_BUNDLE_IDENTIFIER = juhee.MessengerApp;
				PRODUCT_NAME = "$(TARGET_NAME)";
				SWIFT_EMIT_LOC_STRINGS = YES;
				SWIFT_VERSION = 5.0;
				TARGETED_DEVICE_FAMILY = "1,2";
			};
			name = Release;
		};
/* End XCBuildConfiguration section */

/* Begin XCConfigurationList section */
		34E382EF2BBC3D150055F471 /* Build configuration list for PBXProject "MessengerApp" */ = {
			isa = XCConfigurationList;
			buildConfigurations = (
				34E383002BBC3D180055F471 /* Debug */,
				34E383012BBC3D180055F471 /* Release */,
			);
			defaultConfigurationIsVisible = 0;
			defaultConfigurationName = Release;
		};
		34E383022BBC3D180055F471 /* Build configuration list for PBXNativeTarget "MessengerApp" */ = {
			isa = XCConfigurationList;
			buildConfigurations = (
				34E383032BBC3D180055F471 /* Debug */,
				34E383042BBC3D180055F471 /* Release */,
			);
			defaultConfigurationIsVisible = 0;
			defaultConfigurationName = Release;
		};
/* End XCConfigurationList section */

/* Begin XCRemoteSwiftPackageReference section */
		7C0839872BC359060011B4AB /* XCRemoteSwiftPackageReference "firebase-ios-sdk" */ = {
			isa = XCRemoteSwiftPackageReference;
			repositoryURL = "https://github.com/firebase/firebase-ios-sdk";
			requirement = {
				kind = upToNextMajorVersion;
				minimumVersion = 10.23.1;
			};
		};
/* End XCRemoteSwiftPackageReference section */

/* Begin XCSwiftPackageProductDependency section */
		7C0839882BC359070011B4AB /* FirebaseAuth */ = {
			isa = XCSwiftPackageProductDependency;
			package = 7C0839872BC359060011B4AB /* XCRemoteSwiftPackageReference "firebase-ios-sdk" */;
			productName = FirebaseAuth;
		};
		7C08398A2BC359070011B4AB /* FirebaseFirestore */ = {
			isa = XCSwiftPackageProductDependency;
			package = 7C0839872BC359060011B4AB /* XCRemoteSwiftPackageReference "firebase-ios-sdk" */;
			productName = FirebaseFirestore;
		};
		7C08398C2BC359070011B4AB /* FirebaseStorage */ = {
			isa = XCSwiftPackageProductDependency;
			package = 7C0839872BC359060011B4AB /* XCRemoteSwiftPackageReference "firebase-ios-sdk" */;
			productName = FirebaseStorage;
		};
/* End XCSwiftPackageProductDependency section */
	};
	rootObject = 34E382EC2BBC3D150055F471 /* Project object */;
}
